%{
  "complex": {:hex, :complex, "0.5.0", "af2d2331ff6170b61bb738695e481b27a66780e18763e066ee2cd863d0b1dd92", [:mix], [], "hexpm", "2683bd3c184466cfb94fad74cbfddfaa94b860e27ad4ca1bffe3bff169d91ef1"},
  "elixir_make": {:hex, :elixir_make, "0.7.6", "67716309dc5d43e16b5abbd00c01b8df6a0c2ab54a8f595468035a50189f9169", [:mix], [{:castore, "~> 0.1 or ~> 1.0", [hex: :castore, repo: "hexpm", optional: true]}], "hexpm", "5a0569756b0f7873a77687800c164cca6dfc03a09418e6fcf853d78991f49940"},
  "exla": {:git, "https://github.com/elixir-nx/nx.git", "770c3fa94ab3f8e84a9bcf62d9f65cde5b9a20ff", [sparse: "exla"]},
  "jason": {:hex, :jason, "1.4.0", "e855647bc964a44e2f67df589ccf49105ae039d4179db7f6271dfd3843dc27e6", [:mix], [{:decimal, "~> 1.0 or ~> 2.0", [hex: :decimal, repo: "hexpm", optional: true]}], "hexpm", "79a3791085b2a0f743ca04cec0f7be26443738779d09302e01318f97bdb82121"},
  "meow": {:git, "https://github.com/jonatanklosko/meow.git", "bb1c0467e82a3dd4ce24a8d2ac384a4c410a0c44", []},
  "nx": {:git, "https://github.com/elixir-nx/nx.git", "770c3fa94ab3f8e84a9bcf62d9f65cde5b9a20ff", [sparse: "nx"]},
  "table": {:hex, :table, "0.1.2", "87ad1125f5b70c5dea0307aa633194083eb5182ec537efc94e96af08937e14a8", [:mix], [], "hexpm", "7e99bc7efef806315c7e65640724bf165c3061cdc5d854060f74468367065029"},
  "telemetry": {:hex, :telemetry, "1.2.1", "68fdfe8d8f05a8428483a97d7aab2f268aaff24b49e0f599faa091f1d4e7f61c", [:rebar3], [], "hexpm", "dad9ce9d8effc621708f99eac538ef1cbe05d6a874dd741de2e689c47feafed5"},
  "vega_lite": {:hex, :vega_lite, "0.1.7", "1f1ad850821335702958f7351ca52808a5a109f9ce35fd5c14f9613970bad140", [:mix], [{:table, "~> 0.1.0", [hex: :table, repo: "hexpm", optional: false]}], "hexpm", "3932382ed5ad77c08c27abc45137257e9a86897916cef1a0da148632c6a91e30"},
  "xla": {:hex, :xla, "0.4.4", "c3a8ed1f579bda949df505e49ff65415c8281d991fbd6ae1d8f3c5d0fd155f54", [:make, :mix], [{:elixir_make, "~> 0.4", [hex: :elixir_make, repo: "hexpm", optional: false]}], "hexpm", "484f3f9011db3c9f1ff1e98eecefd382f3882a07ada540fd58803db1d2dab671"},
}
